
Microsoft Visual Studio Solution File, Format Version 12.00
# Visual Studio Version 17
VisualStudioVersion = 17.0.32112.339
MinimumVisualStudioVersion = 10.0.40219.1
Project("{8BC9CEB8-8B4A-11D0-8D11-00A0C91BC942}") = "Task2b", "Task2b\Task2b.vcxproj", "{054B50F3-869B-4568-B940-07F70F095763}"
EndProject
Project("{8BC9CEB8-8B4A-11D0-8D11-00A0C91BC942}") = "Manual Testing", "Manual Testing\Manual Testing.vcxproj", "{5A1499E8-5428-41AA-81D7-A5BFA8CB90A3}"
EndProject
Project("{8BC9CEB8-8B4A-11D0-8D11-00A0C91BC942}") = "Task2a", "Task2a\Task2a.vcxproj", "{E0297806-EB26-4CA1-B2FE-F854CB40083A}"
EndProject
Project("{8BC9CEB8-8B4A-11D0-8D11-00A0C91BC942}") = "Task2bAttempt2", "Task2bAttempt2\Task2bAttempt2.vcxproj", "{7A47CECA-DCC3-487B-9C10-4E963CE3DC17}"
EndProject
Project("{8BC9CEB8-8B4A-11D0-8D11-00A0C91BC942}") = "Task2aTiming", "Task2aTiming\Task2aTiming.vcxproj", "{DA35FB48-9660-4D8F-A48B-20B598EABF80}"
EndProject
Project("{8BC9CEB8-8B4A-11D0-8D11-00A0C91BC942}") = "Task2bTiming", "Task2bTiming\Task2bTiming.vcxproj", "{4B813EAA-5766-457F-9C0D-CE611A3BCD14}"
EndProject
Project("{8BC9CEB8-8B4A-11D0-8D11-00A0C91BC942}") = "Task2bAttempt2Timing", "Task2bAttempt2Timing\Task2bAttempt2Timing.vcxproj", "{7EE061DA-D4B9-4E35-93CE-552B75A60A30}"
EndProject
Global
	GlobalSection(SolutionConfigurationPlatforms) = preSolution
		Debug|x64 = Debug|x64
		Debug|x86 = Debug|x86
		Release|x64 = Release|x64
		Release|x86 = Release|x86
	EndGlobalSection
	GlobalSection(ProjectConfigurationPlatforms) = postSolution
		{054B50F3-869B-4568-B940-07F70F095763}.Debug|x64.ActiveCfg = Debug|x64
		{054B50F3-869B-4568-B940-07F70F095763}.Debug|x64.Build.0 = Debug|x64
		{054B50F3-869B-4568-B940-07F70F095763}.Debug|x86.ActiveCfg = Debug|Win32
		{054B50F3-869B-4568-B940-07F70F095763}.Debug|x86.Build.0 = Debug|Win32
		{054B50F3-869B-4568-B940-07F70F095763}.Release|x64.ActiveCfg = Release|x64
		{054B50F3-869B-4568-B940-07F70F095763}.Release|x64.Build.0 = Release|x64
		{054B50F3-869B-4568-B940-07F70F095763}.Release|x86.ActiveCfg = Release|Win32
		{054B50F3-869B-4568-B940-07F70F095763}.Release|x86.Build.0 = Release|Win32
		{5A1499E8-5428-41AA-81D7-A5BFA8CB90A3}.Debug|x64.ActiveCfg = Debug|x64
		{5A1499E8-5428-41AA-81D7-A5BFA8CB90A3}.Debug|x64.Build.0 = Debug|x64
		{5A1499E8-5428-41AA-81D7-A5BFA8CB90A3}.Debug|x86.ActiveCfg = Debug|Win32
		{5A1499E8-5428-41AA-81D7-A5BFA8CB90A3}.Debug|x86.Build.0 = Debug|Win32
		{5A1499E8-5428-41AA-81D7-A5BFA8CB90A3}.Release|x64.ActiveCfg = Release|x64
		{5A1499E8-5428-41AA-81D7-A5BFA8CB90A3}.Release|x64.Build.0 = Release|x64
		{5A1499E8-5428-41AA-81D7-A5BFA8CB90A3}.Release|x86.ActiveCfg = Release|Win32
		{5A1499E8-5428-41AA-81D7-A5BFA8CB90A3}.Release|x86.Build.0 = Release|Win32
		{E0297806-EB26-4CA1-B2FE-F854CB40083A}.Debug|x64.ActiveCfg = Debug|x64
		{E0297806-EB26-4CA1-B2FE-F854CB40083A}.Debug|x64.Build.0 = Debug|x64
		{E0297806-EB26-4CA1-B2FE-F854CB40083A}.Debug|x86.ActiveCfg = Debug|Win32
		{E0297806-EB26-4CA1-B2FE-F854CB40083A}.Debug|x86.Build.0 = Debug|Win32
		{E0297806-EB26-4CA1-B2FE-F854CB40083A}.Release|x64.ActiveCfg = Release|x64
		{E0297806-EB26-4CA1-B2FE-F854CB40083A}.Release|x64.Build.0 = Release|x64
		{E0297806-EB26-4CA1-B2FE-F854CB40083A}.Release|x86.ActiveCfg = Release|Win32
		{E0297806-EB26-4CA1-B2FE-F854CB40083A}.Release|x86.Build.0 = Release|Win32
		{7A47CECA-DCC3-487B-9C10-4E963CE3DC17}.Debug|x64.ActiveCfg = Debug|x64
		{7A47CECA-DCC3-487B-9C10-4E963CE3DC17}.Debug|x64.Build.0 = Debug|x64
		{7A47CECA-DCC3-487B-9C10-4E963CE3DC17}.Debug|x86.ActiveCfg = Debug|Win32
		{7A47CECA-DCC3-487B-9C10-4E963CE3DC17}.Debug|x86.Build.0 = Debug|Win32
		{7A47CECA-DCC3-487B-9C10-4E963CE3DC17}.Release|x64.ActiveCfg = Release|x64
		{7A47CECA-DCC3-487B-9C10-4E963CE3DC17}.Release|x64.Build.0 = Release|x64
		{7A47CECA-DCC3-487B-9C10-4E963CE3DC17}.Release|x86.ActiveCfg = Release|Win32
		{7A47CECA-DCC3-487B-9C10-4E963CE3DC17}.Release|x86.Build.0 = Release|Win32
		{DA35FB48-9660-4D8F-A48B-20B598EABF80}.Debug|x64.ActiveCfg = Debug|x64
		{DA35FB48-9660-4D8F-A48B-20B598EABF80}.Debug|x64.Build.0 = Debug|x64
		{DA35FB48-9660-4D8F-A48B-20B598EABF80}.Debug|x86.ActiveCfg = Debug|Win32
		{DA35FB48-9660-4D8F-A48B-20B598EABF80}.Debug|x86.Build.0 = Debug|Win32
		{DA35FB48-9660-4D8F-A48B-20B598EABF80}.Release|x64.ActiveCfg = Release|x64
		{DA35FB48-9660-4D8F-A48B-20B598EABF80}.Release|x64.Build.0 = Release|x64
		{DA35FB48-9660-4D8F-A48B-20B598EABF80}.Release|x86.ActiveCfg = Release|Win32
		{DA35FB48-9660-4D8F-A48B-20B598EABF80}.Release|x86.Build.0 = Release|Win32
		{4B813EAA-5766-457F-9C0D-CE611A3BCD14}.Debug|x64.ActiveCfg = Debug|x64
		{4B813EAA-5766-457F-9C0D-CE611A3BCD14}.Debug|x64.Build.0 = Debug|x64
		{4B813EAA-5766-457F-9C0D-CE611A3BCD14}.Debug|x86.ActiveCfg = Debug|Win32
		{4B813EAA-5766-457F-9C0D-CE611A3BCD14}.Debug|x86.Build.0 = Debug|Win32
		{4B813EAA-5766-457F-9C0D-CE611A3BCD14}.Release|x64.ActiveCfg = Release|x64
		{4B813EAA-5766-457F-9C0D-CE611A3BCD14}.Release|x64.Build.0 = Release|x64
		{4B813EAA-5766-457F-9C0D-CE611A3BCD14}.Release|x86.ActiveCfg = Release|Win32
		{4B813EAA-5766-457F-9C0D-CE611A3BCD14}.Release|x86.Build.0 = Release|Win32
		{7EE061DA-D4B9-4E35-93CE-552B75A60A30}.Debug|x64.ActiveCfg = Debug|x64
		{7EE061DA-D4B9-4E35-93CE-552B75A60A30}.Debug|x64.Build.0 = Debug|x64
		{7EE061DA-D4B9-4E35-93CE-552B75A60A30}.Debug|x86.ActiveCfg = Debug|Win32
		{7EE061DA-D4B9-4E35-93CE-552B75A60A30}.Debug|x86.Build.0 = Debug|Win32
		{7EE061DA-D4B9-4E35-93CE-552B75A60A30}.Release|x64.ActiveCfg = Release|x64
		{7EE061DA-D4B9-4E35-93CE-552B75A60A30}.Release|x64.Build.0 = Release|x64
		{7EE061DA-D4B9-4E35-93CE-552B75A60A30}.Release|x86.ActiveCfg = Release|Win32
		{7EE061DA-D4B9-4E35-93CE-552B75A60A30}.Release|x86.Build.0 = Release|Win32
	EndGlobalSection
	GlobalSection(SolutionProperties) = preSolution
		HideSolutionNode = FALSE
	EndGlobalSection
	GlobalSection(ExtensibilityGlobals) = postSolution
		SolutionGuid = {C51972E8-90E3-4945-AFBF-2CC2097E9546}
	EndGlobalSection
EndGlobal
